{
  "version": 4,
  "terraform_version": "1.0.11",
  "serial": 39,
  "lineage": "03951783-dd0d-ad70-c2d0-f5a07be08b48",
  "outputs": {},
  "resources": [
    {
      "module": "module.ecr",
      "mode": "managed",
      "type": "aws_ecr_repository",
      "name": "terraform",
      "provider": "provider[\"registry.terraform.io/hashicorp/aws\"]",
      "instances": [
        {
          "index_key": "batch-containers",
          "schema_version": 0,
          "attributes": {
            "arn": "arn:aws:ecr:us-east-1:350102312519:repository/terraform-ecr/batch-containers",
            "encryption_configuration": [
              {
                "encryption_type": "AES256",
                "kms_key": ""
              }
            ],
            "id": "terraform-ecr/batch-containers",
            "image_scanning_configuration": [
              {
                "scan_on_push": false
              }
            ],
            "image_tag_mutability": "MUTABLE",
            "name": "terraform-ecr/batch-containers",
            "registry_id": "350102312519",
            "repository_url": "350102312519.dkr.ecr.us-east-1.amazonaws.com/terraform-ecr/batch-containers",
            "tags": null,
            "tags_all": {},
            "timeouts": null
          },
          "sensitive_attributes": [],
          "private": "eyJlMmJmYjczMC1lY2FhLTExZTYtOGY4OC0zNDM2M2JjN2M0YzAiOnsiZGVsZXRlIjoxMjAwMDAwMDAwMDAwfX0="
        },
        {
          "index_key": "db-containers",
          "schema_version": 0,
          "attributes": {
            "arn": "arn:aws:ecr:us-east-1:350102312519:repository/terraform-ecr/db-containers",
            "encryption_configuration": [
              {
                "encryption_type": "AES256",
                "kms_key": ""
              }
            ],
            "id": "terraform-ecr/db-containers",
            "image_scanning_configuration": [
              {
                "scan_on_push": false
              }
            ],
            "image_tag_mutability": "MUTABLE",
            "name": "terraform-ecr/db-containers",
            "registry_id": "350102312519",
            "repository_url": "350102312519.dkr.ecr.us-east-1.amazonaws.com/terraform-ecr/db-containers",
            "tags": null,
            "tags_all": {},
            "timeouts": null
          },
          "sensitive_attributes": [],
          "private": "eyJlMmJmYjczMC1lY2FhLTExZTYtOGY4OC0zNDM2M2JjN2M0YzAiOnsiZGVsZXRlIjoxMjAwMDAwMDAwMDAwfX0="
        },
        {
          "index_key": "init-containers",
          "schema_version": 0,
          "attributes": {
            "arn": "arn:aws:ecr:us-east-1:350102312519:repository/terraform-ecr/init-containers",
            "encryption_configuration": [
              {
                "encryption_type": "AES256",
                "kms_key": ""
              }
            ],
            "id": "terraform-ecr/init-containers",
            "image_scanning_configuration": [
              {
                "scan_on_push": false
              }
            ],
            "image_tag_mutability": "MUTABLE",
            "name": "terraform-ecr/init-containers",
            "registry_id": "350102312519",
            "repository_url": "350102312519.dkr.ecr.us-east-1.amazonaws.com/terraform-ecr/init-containers",
            "tags": null,
            "tags_all": {},
            "timeouts": null
          },
          "sensitive_attributes": [],
          "private": "eyJlMmJmYjczMC1lY2FhLTExZTYtOGY4OC0zNDM2M2JjN2M0YzAiOnsiZGVsZXRlIjoxMjAwMDAwMDAwMDAwfX0="
        },
        {
          "index_key": "web-containers",
          "schema_version": 0,
          "attributes": {
            "arn": "arn:aws:ecr:us-east-1:350102312519:repository/terraform-ecr/web-containers",
            "encryption_configuration": [
              {
                "encryption_type": "AES256",
                "kms_key": ""
              }
            ],
            "id": "terraform-ecr/web-containers",
            "image_scanning_configuration": [
              {
                "scan_on_push": false
              }
            ],
            "image_tag_mutability": "MUTABLE",
            "name": "terraform-ecr/web-containers",
            "registry_id": "350102312519",
            "repository_url": "350102312519.dkr.ecr.us-east-1.amazonaws.com/terraform-ecr/web-containers",
            "tags": null,
            "tags_all": {},
            "timeouts": null
          },
          "sensitive_attributes": [],
          "private": "eyJlMmJmYjczMC1lY2FhLTExZTYtOGY4OC0zNDM2M2JjN2M0YzAiOnsiZGVsZXRlIjoxMjAwMDAwMDAwMDAwfX0="
        }
      ]
    }
  ]
}
